# THIS IS AN AUTOGENERATED FILE. DO NOT EDIT THIS FILE DIRECTLY.
# yarn lockfile v1


"@cbor-extract/cbor-extract-darwin-arm64@2.2.2":
  version "2.2.2"
  resolved "https://registry.yarnpkg.com/@cbor-extract/cbor-extract-darwin-arm64/-/cbor-extract-darwin-arm64-2.2.2.tgz#dc4a0b5719e33168f8eaf3d884726b166052540b"
  integrity sha512-ZKZ/F8US7JR92J4DMct6cLW/Y66o2K576+zjlEN/MevH70bFIsB10wkZEQPLzl2oNh2SMGy55xpJ9JoBRl5DOA==

"@cbor-extract/cbor-extract-darwin-x64@2.2.2":
  version "2.2.2"
  resolved "https://registry.yarnpkg.com/@cbor-extract/cbor-extract-darwin-x64/-/cbor-extract-darwin-x64-2.2.2.tgz#871436ebd796789027e098dd6a66654d80d9c272"
  integrity sha512-32b1mgc+P61Js+KW9VZv/c+xRw5EfmOcPx990JbCBSkYJFY0l25VinvyyWfl+3KjibQmAcYwmyzKF9J4DyKP/Q==

"@cbor-extract/cbor-extract-linux-arm64@2.2.2":
  version "2.2.2"
  resolved "https://registry.yarnpkg.com/@cbor-extract/cbor-extract-linux-arm64/-/cbor-extract-linux-arm64-2.2.2.tgz#4e0babfced263b9965806816058afd8b01631991"
  integrity sha512-wfqgzqCAy/Vn8i6WVIh7qZd0DdBFaWBjPdB6ma+Wihcjv0gHqD/mw3ouVv7kbbUNrab6dKEx/w3xQZEdeXIlzg==

"@cbor-extract/cbor-extract-linux-arm@2.2.2":
  version "2.2.2"
  resolved "https://registry.yarnpkg.com/@cbor-extract/cbor-extract-linux-arm/-/cbor-extract-linux-arm-2.2.2.tgz#ed2b74eb0099242d946084ea6ba83d4d20ceb832"
  integrity sha512-tNg0za41TpQfkhWjptD+0gSD2fggMiDCSacuIeELyb2xZhr7PrhPe5h66Jc67B/5dmpIhI2QOUtv4SBsricyYQ==

"@cbor-extract/cbor-extract-linux-x64@2.2.2":
  version "2.2.2"
  resolved "https://registry.yarnpkg.com/@cbor-extract/cbor-extract-linux-x64/-/cbor-extract-linux-x64-2.2.2.tgz#d5d2a2bac7aed54a36246e1f40878bb3475156f6"
  integrity sha512-rpiLnVEsqtPJ+mXTdx1rfz4RtUGYIUg2rUAZgd1KjiC1SehYUSkJN7Yh+aVfSjvCGtVP0/bfkQkXpPXKbmSUaA==

"@cbor-extract/cbor-extract-win32-x64@2.2.2":
  version "2.2.2"
  resolved "https://registry.yarnpkg.com/@cbor-extract/cbor-extract-win32-x64/-/cbor-extract-win32-x64-2.2.2.tgz#adcd1cae6cfc5ba3dd1ace65642e7e63db744eca"
  integrity sha512-dI+9P7cfWxkTQ+oE+7Aa6onEn92PHgfWXZivjNheCRmTBDBf2fx6RyTi0cmgpYLnD1KLZK9ZYrMxaPZ4oiXhGA==

cbor-extract@^2.2.2:
  version "2.2.2"
  resolved "https://registry.yarnpkg.com/cbor-extract/-/cbor-extract-2.2.2.tgz#ee6b04ba56ecc351cfedc68ca70fa60487d52998"
  integrity sha512-hlSxxI9XO2yQfe9g6msd3g4xCfDqK5T5P0fRMLuaLHhxn4ViPrm+a+MUfhrvH2W962RGxcBwEGzLQyjbDG1gng==
  dependencies:
    node-gyp-build-optional-packages "5.1.1"
  optionalDependencies:
    "@cbor-extract/cbor-extract-darwin-arm64" "2.2.2"
    "@cbor-extract/cbor-extract-darwin-x64" "2.2.2"
    "@cbor-extract/cbor-extract-linux-arm" "2.2.2"
    "@cbor-extract/cbor-extract-linux-arm64" "2.2.2"
    "@cbor-extract/cbor-extract-linux-x64" "2.2.2"
    "@cbor-extract/cbor-extract-win32-x64" "2.2.2"

cbor-x@^1.6.0:
  version "1.6.6"
  resolved "https://registry.yarnpkg.com/cbor-x/-/cbor-x-1.6.6.tgz#5bd1275704149a040fd9d8bb38aa5fd2651e1b89"
  integrity sha512-8QiD9PGOxyQHo7s2pzwTBH6lTjqekxPdl9Aq6fXvZgCuCJHOht1puDEA/fTr6mciB76c+M+Gi0qT2i1a4pm4Wg==
  optionalDependencies:
    cbor-extract "^2.2.2"

detect-libc@^2.0.1:
  version "2.1.2"
  resolved "https://registry.yarnpkg.com/detect-libc/-/detect-libc-2.1.2.tgz#689c5dcdc1900ef5583a4cb9f6d7b473742074ad"
  integrity sha512-Btj2BOOO83o3WyH59e8MgXsxEQVcarkUOpEYrubB0urwnN10yQ364rsiByU11nZlqWYZm05i/of7io4mzihBtQ==

node-gyp-build-optional-packages@5.1.1:
  version "5.1.1"
  resolved "https://registry.yarnpkg.com/node-gyp-build-optional-packages/-/node-gyp-build-optional-packages-5.1.1.tgz#52b143b9dd77b7669073cbfe39e3f4118bfc603c"
  integrity sha512-+P72GAjVAbTxjjwUmwjVrqrdZROD4nf8KgpBoDxqXXTiYZZt/ud60dE5yvCSr9lRO8e8yv6kgJIC0K0PfZFVQw==
  dependencies:
    detect-libc "^2.0.1"
